
Microsoft Visual Studio Solution File, Format Version 12.00
# Visual Studio Version 16
VisualStudioVersion = 16.0.30907.101
MinimumVisualStudioVersion = 10.0.40219.1
Project("{FAE04EC0-301F-11D3-BF4B-00C04F79EFBC}") = "ImportCSV", "ImportCSV.csproj", "{3E0AD98C-2987-4889-BFCF-05DD09D35E72}"
EndProject
Global
	GlobalSection(SolutionConfigurationPlatforms) = preSolution
		Debug|Any CPU = Debug|Any CPU
		Release|Any CPU = Release|Any CPU
	EndGlobalSection
	GlobalSection(ProjectConfigurationPlatforms) = postSolution
		{3E0AD98C-2987-4889-BFCF-05DD09D35E72}.Debug|Any CPU.ActiveCfg = Debug|Any CPU
		{3E0AD98C-2987-4889-BFCF-05DD09D35E72}.Debug|Any CPU.Build.0 = Debug|Any CPU
		{3E0AD98C-2987-4889-BFCF-05DD09D35E72}.Release|Any CPU.ActiveCfg = Release|Any CPU
		{3E0AD98C-2987-4889-BFCF-05DD09D35E72}.Release|Any CPU.Build.0 = Release|Any CPU
	EndGlobalSection
	GlobalSection(SolutionProperties) = preSolution
		HideSolutionNode = FALSE
	EndGlobalSection
	GlobalSection(ExtensibilityGlobals) = postSolution
		SolutionGuid = {16CDD66C-28E9-48C3-83FA-633B2D2F9FD0}
	EndGlobalSection
EndGlobal
